
Microsoft Visual Studio Solution File, Format Version 12.00
# Visual Studio 2012
Project("{8BC9CEB8-8B4A-11D0-8D11-00A0C91BC942}") = "HW3", "ICE 3_9\ICE 3_9.vcxproj", "{CDE8E432-F289-42E4-A32A-8781E929AE5D}"
EndProject
Global
	GlobalSection(SolutionConfigurationPlatforms) = preSolution
		Debug|Win32 = Debug|Win32
		Release|Win32 = Release|Win32
	EndGlobalSection
	GlobalSection(ProjectConfigurationPlatforms) = postSolution
		{CDE8E432-F289-42E4-A32A-8781E929AE5D}.Debug|Win32.ActiveCfg = Debug|Win32
		{CDE8E432-F289-42E4-A32A-8781E929AE5D}.Debug|Win32.Build.0 = Debug|Win32
		{CDE8E432-F289-42E4-A32A-8781E929AE5D}.Release|Win32.ActiveCfg = Release|Win32
		{CDE8E432-F289-42E4-A32A-8781E929AE5D}.Release|Win32.Build.0 = Release|Win32
	EndGlobalSection
	GlobalSection(SolutionProperties) = preSolution
		HideSolutionNode = FALSE
	EndGlobalSection
EndGlobal
